
Microsoft Visual Studio Solution File, Format Version 12.00
# Visual Studio 14
VisualStudioVersion = 14.0.25420.1
MinimumVisualStudioVersion = 10.0.40219.1
Project("{FAE04EC0-301F-11D3-BF4B-00C04F79EFBC}") = "GeometryConvert", "GeometryConvert.csproj", "{DFBD1529-BB77-4233-B160-4E6FBE8CCB2C}"
EndProject
Global
	GlobalSection(SolutionConfigurationPlatforms) = preSolution
		
		
	EndGlobalSection
	GlobalSection(ProjectConfigurationPlatforms) = postSolution
		{DFBD1529-BB77-4233-B160-4E6FBE8CCB2C}.Debug|x86.ActiveCfg = Debug|x64
		{DFBD1529-BB77-4233-B160-4E6FBE8CCB2C}.Release|x86.ActiveCfg = Release|x64
	EndGlobalSection
	GlobalSection(SolutionProperties) = preSolution
		HideSolutionNode = FALSE
	EndGlobalSection
EndGlobal
