
Microsoft Visual Studio Solution File, Format Version 12.00
# Visual Studio 14
VisualStudioVersion = 14.0.23107.0
MinimumVisualStudioVersion = 10.0.40219.1
Project("{FAE04EC0-301F-11D3-BF4B-00C04F79EFBC}") = "MultipleScreen", "MultipleScreen.csproj", "{463E0B74-2904-4D7B-80B5-327C3224CDE4}"
EndProject
Global
	GlobalSection(SolutionConfigurationPlatforms) = preSolution
		Debug|x64 = Debug|x64
		
		Release|x64 = Release|x64
		
	EndGlobalSection
	GlobalSection(ProjectConfigurationPlatforms) = postSolution
		{463E0B74-2904-4D7B-80B5-327C3224CDE4}.Debug|x64.ActiveCfg = Debug|x64
		{463E0B74-2904-4D7B-80B5-327C3224CDE4}.Debug|x86.ActiveCfg = Debug|x64
		{463E0B74-2904-4D7B-80B5-327C3224CDE4}.Release|x64.ActiveCfg = Release|x64
		{463E0B74-2904-4D7B-80B5-327C3224CDE4}.Release|x64.Build.0 = Release|x64
		{463E0B74-2904-4D7B-80B5-327C3224CDE4}.Release|x86.ActiveCfg = Release|x64
	EndGlobalSection
	GlobalSection(SolutionProperties) = preSolution
		HideSolutionNode = FALSE
	EndGlobalSection
EndGlobal
